
Microsoft Visual Studio Solution File, Format Version 12.00
# Visual Studio Version 16
VisualStudioVersion = 16.6.30114.105
MinimumVisualStudioVersion = 10.0.40219.1
Project("{9A19103F-16F7-4668-BE54-9A1E7A4F7556}") = "WebAPI", "src\WebAPI\WebAPI.csproj", "{67A0F48B-2CEE-4CCC-86CB-3E97C8667B11}"
EndProject
Project("{9A19103F-16F7-4668-BE54-9A1E7A4F7556}") = "WebAPI.UnitTests", "test\WebAPI.UnitTests\WebAPI.UnitTests.csproj", "{BA7C5FFE-EAF1-4B59-A6A5-86720627353B}"
EndProject
Project("{9A19103F-16F7-4668-BE54-9A1E7A4F7556}") = "WebAPI.IntegrationTests", "test\WebAPI.IntegrationTests\WebAPI.IntegrationTests.csproj", "{53D8AEAA-E2AB-4B81-A996-5FE1B6C45A89}"
EndProject
Project("{9A19103F-16F7-4668-BE54-9A1E7A4F7556}") = "Domain", "src\Domain\Domain.csproj", "{B6E6BC7A-022B-4A58-B7A7-3B96C1F413FB}"
EndProject
Project("{9A19103F-16F7-4668-BE54-9A1E7A4F7556}") = "Application", "src\Application\Application.csproj", "{F97A8A76-981C-4190-B37C-5422F50DFAB3}"
EndProject
Project("{9A19103F-16F7-4668-BE54-9A1E7A4F7556}") = "Persistence", "src\Persistence\Persistence.csproj", "{4BDFD162-CFDE-4876-9B92-55102F91569E}"
EndProject
Global
	GlobalSection(SolutionConfigurationPlatforms) = preSolution
		Debug|Any CPU = Debug|Any CPU
		Debug|x64 = Debug|x64
		Debug|x86 = Debug|x86
		Release|Any CPU = Release|Any CPU
		Release|x64 = Release|x64
		Release|x86 = Release|x86
	EndGlobalSection
	GlobalSection(ProjectConfigurationPlatforms) = postSolution
		{67A0F48B-2CEE-4CCC-86CB-3E97C8667B11}.Debug|Any CPU.ActiveCfg = Debug|Any CPU
		{67A0F48B-2CEE-4CCC-86CB-3E97C8667B11}.Debug|Any CPU.Build.0 = Debug|Any CPU
		{67A0F48B-2CEE-4CCC-86CB-3E97C8667B11}.Debug|x64.ActiveCfg = Debug|Any CPU
		{67A0F48B-2CEE-4CCC-86CB-3E97C8667B11}.Debug|x64.Build.0 = Debug|Any CPU
		{67A0F48B-2CEE-4CCC-86CB-3E97C8667B11}.Debug|x86.ActiveCfg = Debug|Any CPU
		{67A0F48B-2CEE-4CCC-86CB-3E97C8667B11}.Debug|x86.Build.0 = Debug|Any CPU
		{67A0F48B-2CEE-4CCC-86CB-3E97C8667B11}.Release|Any CPU.ActiveCfg = Release|Any CPU
		{67A0F48B-2CEE-4CCC-86CB-3E97C8667B11}.Release|Any CPU.Build.0 = Release|Any CPU
		{67A0F48B-2CEE-4CCC-86CB-3E97C8667B11}.Release|x64.ActiveCfg = Release|Any CPU
		{67A0F48B-2CEE-4CCC-86CB-3E97C8667B11}.Release|x64.Build.0 = Release|Any CPU
		{67A0F48B-2CEE-4CCC-86CB-3E97C8667B11}.Release|x86.ActiveCfg = Release|Any CPU
		{67A0F48B-2CEE-4CCC-86CB-3E97C8667B11}.Release|x86.Build.0 = Release|Any CPU
		{BA7C5FFE-EAF1-4B59-A6A5-86720627353B}.Debug|Any CPU.ActiveCfg = Debug|Any CPU
		{BA7C5FFE-EAF1-4B59-A6A5-86720627353B}.Debug|Any CPU.Build.0 = Debug|Any CPU
		{BA7C5FFE-EAF1-4B59-A6A5-86720627353B}.Debug|x64.ActiveCfg = Debug|Any CPU
		{BA7C5FFE-EAF1-4B59-A6A5-86720627353B}.Debug|x64.Build.0 = Debug|Any CPU
		{BA7C5FFE-EAF1-4B59-A6A5-86720627353B}.Debug|x86.ActiveCfg = Debug|Any CPU
		{BA7C5FFE-EAF1-4B59-A6A5-86720627353B}.Debug|x86.Build.0 = Debug|Any CPU
		{BA7C5FFE-EAF1-4B59-A6A5-86720627353B}.Release|Any CPU.ActiveCfg = Release|Any CPU
		{BA7C5FFE-EAF1-4B59-A6A5-86720627353B}.Release|Any CPU.Build.0 = Release|Any CPU
		{BA7C5FFE-EAF1-4B59-A6A5-86720627353B}.Release|x64.ActiveCfg = Release|Any CPU
		{BA7C5FFE-EAF1-4B59-A6A5-86720627353B}.Release|x64.Build.0 = Release|Any CPU
		{BA7C5FFE-EAF1-4B59-A6A5-86720627353B}.Release|x86.ActiveCfg = Release|Any CPU
		{BA7C5FFE-EAF1-4B59-A6A5-86720627353B}.Release|x86.Build.0 = Release|Any CPU
		{53D8AEAA-E2AB-4B81-A996-5FE1B6C45A89}.Debug|Any CPU.ActiveCfg = Debug|Any CPU
		{53D8AEAA-E2AB-4B81-A996-5FE1B6C45A89}.Debug|Any CPU.Build.0 = Debug|Any CPU
		{53D8AEAA-E2AB-4B81-A996-5FE1B6C45A89}.Debug|x64.ActiveCfg = Debug|Any CPU
		{53D8AEAA-E2AB-4B81-A996-5FE1B6C45A89}.Debug|x64.Build.0 = Debug|Any CPU
		{53D8AEAA-E2AB-4B81-A996-5FE1B6C45A89}.Debug|x86.ActiveCfg = Debug|Any CPU
		{53D8AEAA-E2AB-4B81-A996-5FE1B6C45A89}.Debug|x86.Build.0 = Debug|Any CPU
		{53D8AEAA-E2AB-4B81-A996-5FE1B6C45A89}.Release|Any CPU.ActiveCfg = Release|Any CPU
		{53D8AEAA-E2AB-4B81-A996-5FE1B6C45A89}.Release|Any CPU.Build.0 = Release|Any CPU
		{53D8AEAA-E2AB-4B81-A996-5FE1B6C45A89}.Release|x64.ActiveCfg = Release|Any CPU
		{53D8AEAA-E2AB-4B81-A996-5FE1B6C45A89}.Release|x64.Build.0 = Release|Any CPU
		{53D8AEAA-E2AB-4B81-A996-5FE1B6C45A89}.Release|x86.ActiveCfg = Release|Any CPU
		{53D8AEAA-E2AB-4B81-A996-5FE1B6C45A89}.Release|x86.Build.0 = Release|Any CPU
		{B6E6BC7A-022B-4A58-B7A7-3B96C1F413FB}.Debug|Any CPU.ActiveCfg = Debug|Any CPU
		{B6E6BC7A-022B-4A58-B7A7-3B96C1F413FB}.Debug|Any CPU.Build.0 = Debug|Any CPU
		{B6E6BC7A-022B-4A58-B7A7-3B96C1F413FB}.Debug|x64.ActiveCfg = Debug|Any CPU
		{B6E6BC7A-022B-4A58-B7A7-3B96C1F413FB}.Debug|x64.Build.0 = Debug|Any CPU
		{B6E6BC7A-022B-4A58-B7A7-3B96C1F413FB}.Debug|x86.ActiveCfg = Debug|Any CPU
		{B6E6BC7A-022B-4A58-B7A7-3B96C1F413FB}.Debug|x86.Build.0 = Debug|Any CPU
		{B6E6BC7A-022B-4A58-B7A7-3B96C1F413FB}.Release|Any CPU.ActiveCfg = Release|Any CPU
		{B6E6BC7A-022B-4A58-B7A7-3B96C1F413FB}.Release|Any CPU.Build.0 = Release|Any CPU
		{B6E6BC7A-022B-4A58-B7A7-3B96C1F413FB}.Release|x64.ActiveCfg = Release|Any CPU
		{B6E6BC7A-022B-4A58-B7A7-3B96C1F413FB}.Release|x64.Build.0 = Release|Any CPU
		{B6E6BC7A-022B-4A58-B7A7-3B96C1F413FB}.Release|x86.ActiveCfg = Release|Any CPU
		{B6E6BC7A-022B-4A58-B7A7-3B96C1F413FB}.Release|x86.Build.0 = Release|Any CPU
		{F97A8A76-981C-4190-B37C-5422F50DFAB3}.Debug|Any CPU.ActiveCfg = Debug|Any CPU
		{F97A8A76-981C-4190-B37C-5422F50DFAB3}.Debug|Any CPU.Build.0 = Debug|Any CPU
		{F97A8A76-981C-4190-B37C-5422F50DFAB3}.Debug|x64.ActiveCfg = Debug|Any CPU
		{F97A8A76-981C-4190-B37C-5422F50DFAB3}.Debug|x64.Build.0 = Debug|Any CPU
		{F97A8A76-981C-4190-B37C-5422F50DFAB3}.Debug|x86.ActiveCfg = Debug|Any CPU
		{F97A8A76-981C-4190-B37C-5422F50DFAB3}.Debug|x86.Build.0 = Debug|Any CPU
		{F97A8A76-981C-4190-B37C-5422F50DFAB3}.Release|Any CPU.ActiveCfg = Release|Any CPU
		{F97A8A76-981C-4190-B37C-5422F50DFAB3}.Release|Any CPU.Build.0 = Release|Any CPU
		{F97A8A76-981C-4190-B37C-5422F50DFAB3}.Release|x64.ActiveCfg = Release|Any CPU
		{F97A8A76-981C-4190-B37C-5422F50DFAB3}.Release|x64.Build.0 = Release|Any CPU
		{F97A8A76-981C-4190-B37C-5422F50DFAB3}.Release|x86.ActiveCfg = Release|Any CPU
		{F97A8A76-981C-4190-B37C-5422F50DFAB3}.Release|x86.Build.0 = Release|Any CPU
		{4BDFD162-CFDE-4876-9B92-55102F91569E}.Debug|Any CPU.ActiveCfg = Debug|Any CPU
		{4BDFD162-CFDE-4876-9B92-55102F91569E}.Debug|Any CPU.Build.0 = Debug|Any CPU
		{4BDFD162-CFDE-4876-9B92-55102F91569E}.Debug|x64.ActiveCfg = Debug|Any CPU
		{4BDFD162-CFDE-4876-9B92-55102F91569E}.Debug|x64.Build.0 = Debug|Any CPU
		{4BDFD162-CFDE-4876-9B92-55102F91569E}.Debug|x86.ActiveCfg = Debug|Any CPU
		{4BDFD162-CFDE-4876-9B92-55102F91569E}.Debug|x86.Build.0 = Debug|Any CPU
		{4BDFD162-CFDE-4876-9B92-55102F91569E}.Release|Any CPU.ActiveCfg = Release|Any CPU
		{4BDFD162-CFDE-4876-9B92-55102F91569E}.Release|Any CPU.Build.0 = Release|Any CPU
		{4BDFD162-CFDE-4876-9B92-55102F91569E}.Release|x64.ActiveCfg = Release|Any CPU
		{4BDFD162-CFDE-4876-9B92-55102F91569E}.Release|x64.Build.0 = Release|Any CPU
		{4BDFD162-CFDE-4876-9B92-55102F91569E}.Release|x86.ActiveCfg = Release|Any CPU
		{4BDFD162-CFDE-4876-9B92-55102F91569E}.Release|x86.Build.0 = Release|Any CPU
	EndGlobalSection
	GlobalSection(SolutionProperties) = preSolution
		HideSolutionNode = FALSE
	EndGlobalSection
	GlobalSection(ExtensibilityGlobals) = postSolution
		SolutionGuid = {B7199A5C-F68E-4B7A-95F7-AA176F1FE370}
	EndGlobalSection
EndGlobal
